# This file is generated by running "yarn install" inside your project.
# Manual changes might be lost - proceed with caution!

__metadata:
  version: 6
  cacheKey: 8

"@grammyjs/types@npm:3.1.2":
  version: 3.1.2
  resolution: "@grammyjs/types@npm:3.1.2"
  checksum: afbf678ca14079e16d37c7b721c90eb90a5d18110b331e49980b4f88966c85995ce1b97a0c64226949f1bdd208ce8b62b348a9b2d2197c2c98ec1925697e752a
  languageName: node
  linkType: hard

"@roziscoding/grammy-autoquote@npm:^1.1.2":
  version: 1.1.2
  resolution: "@roziscoding/grammy-autoquote@npm:1.1.2"
  peerDependencies:
    grammy: ^1.5.1
  checksum: c725da9f36f29dfe49cc371dcb5c28be318f0a79f4ba86a40d313a75586a521debe7dc95c6cf600ffb9d1c14e6bf425ff5c1df55d4072b32516155458be35bb5
  languageName: node
  linkType: hard

"abort-controller@npm:^3.0.0":
  version: 3.0.0
  resolution: "abort-controller@npm:3.0.0"
  dependencies:
    event-target-shim: ^5.0.0
  checksum: 170bdba9b47b7e65906a28c8ce4f38a7a369d78e2271706f020849c1bfe0ee2067d4261df8bbb66eb84f79208fd5b710df759d64191db58cfba7ce8ef9c54b75
  languageName: node
  linkType: hard

"asynckit@npm:^0.4.0":
  version: 0.4.0
  resolution: "asynckit@npm:0.4.0"
  checksum: 7b78c451df768adba04e2d02e63e2d0bf3b07adcd6e42b4cf665cb7ce899bedd344c69a1dcbce355b5f972d597b25aaa1c1742b52cffd9caccb22f348114f6be
  languageName: node
  linkType: hard

"axios@npm:^1.4.0":
  version: 1.4.0
  resolution: "axios@npm:1.4.0"
  dependencies:
    follow-redirects: ^1.15.0
    form-data: ^4.0.0
    proxy-from-env: ^1.1.0
  checksum: 7fb6a4313bae7f45e89d62c70a800913c303df653f19eafec88e56cea2e3821066b8409bc68be1930ecca80e861c52aa787659df0ffec6ad4d451c7816b9386b
  languageName: node
  linkType: hard

"combined-stream@npm:^1.0.8":
  version: 1.0.8
  resolution: "combined-stream@npm:1.0.8"
  dependencies:
    delayed-stream: ~1.0.0
  checksum: 49fa4aeb4916567e33ea81d088f6584749fc90c7abec76fd516bf1c5aa5c79f3584b5ba3de6b86d26ddd64bae5329c4c7479343250cfe71c75bb366eae53bb7c
  languageName: node
  linkType: hard

"debug@npm:^4.3.4":
  version: 4.3.4
  resolution: "debug@npm:4.3.4"
  dependencies:
    ms: 2.1.2
  peerDependenciesMeta:
    supports-color:
      optional: true
  checksum: 3dbad3f94ea64f34431a9cbf0bafb61853eda57bff2880036153438f50fb5a84f27683ba0d8e5426bf41a8c6ff03879488120cf5b3a761e77953169c0600a708
  languageName: node
  linkType: hard

"delayed-stream@npm:~1.0.0":
  version: 1.0.0
  resolution: "delayed-stream@npm:1.0.0"
  checksum: 46fe6e83e2cb1d85ba50bd52803c68be9bd953282fa7096f51fc29edd5d67ff84ff753c51966061e5ba7cb5e47ef6d36a91924eddb7f3f3483b1c560f77a0020
  languageName: node
  linkType: hard

"dotenv@npm:^16.3.1":
  version: 16.3.1
  resolution: "dotenv@npm:16.3.1"
  checksum: 15d75e7279018f4bafd0ee9706593dd14455ddb71b3bcba9c52574460b7ccaf67d5cf8b2c08a5af1a9da6db36c956a04a1192b101ee102a3e0cf8817bbcf3dfd
  languageName: node
  linkType: hard

"event-target-shim@npm:^5.0.0":
  version: 5.0.1
  resolution: "event-target-shim@npm:5.0.1"
  checksum: 1ffe3bb22a6d51bdeb6bf6f7cf97d2ff4a74b017ad12284cc9e6a279e727dc30a5de6bb613e5596ff4dc3e517841339ad09a7eec44266eccb1aa201a30448166
  languageName: node
  linkType: hard

"follow-redirects@npm:^1.15.0":
  version: 1.15.2
  resolution: "follow-redirects@npm:1.15.2"
  peerDependenciesMeta:
    debug:
      optional: true
  checksum: faa66059b66358ba65c234c2f2a37fcec029dc22775f35d9ad6abac56003268baf41e55f9ee645957b32c7d9f62baf1f0b906e68267276f54ec4b4c597c2b190
  languageName: node
  linkType: hard

"form-data@npm:^4.0.0":
  version: 4.0.0
  resolution: "form-data@npm:4.0.0"
  dependencies:
    asynckit: ^0.4.0
    combined-stream: ^1.0.8
    mime-types: ^2.1.12
  checksum: 01135bf8675f9d5c61ff18e2e2932f719ca4de964e3be90ef4c36aacfc7b9cb2fceb5eca0b7e0190e3383fe51c5b37f4cb80b62ca06a99aaabfcfd6ac7c9328c
  languageName: node
  linkType: hard

"grammy@npm:^1.17.2":
  version: 1.17.2
  resolution: "grammy@npm:1.17.2"
  dependencies:
    "@grammyjs/types": 3.1.2
    abort-controller: ^3.0.0
    debug: ^4.3.4
    node-fetch: ^2.6.11
  checksum: 36cbffd0409139f85645e7aed47536f8b225e71984ce07508111be2bf13ebad6553467c4df745ccbcdeefb17fbb524c00c9115157b7341331ed39b89e64b5469
  languageName: node
  linkType: hard

"inherits@npm:2.0.3":
  version: 2.0.3
  resolution: "inherits@npm:2.0.3"
  checksum: 78cb8d7d850d20a5e9a7f3620db31483aa00ad5f722ce03a55b110e5a723539b3716a3b463e2b96ce3fe286f33afc7c131fa2f91407528ba80cea98a7545d4c0
  languageName: node
  linkType: hard

"mime-db@npm:1.52.0":
  version: 1.52.0
  resolution: "mime-db@npm:1.52.0"
  checksum: 0d99a03585f8b39d68182803b12ac601d9c01abfa28ec56204fa330bc9f3d1c5e14beb049bafadb3dbdf646dfb94b87e24d4ec7b31b7279ef906a8ea9b6a513f
  languageName: node
  linkType: hard

"mime-types@npm:^2.1.12":
  version: 2.1.35
  resolution: "mime-types@npm:2.1.35"
  dependencies:
    mime-db: 1.52.0
  checksum: 89a5b7f1def9f3af5dad6496c5ed50191ae4331cc5389d7c521c8ad28d5fdad2d06fd81baf38fed813dc4e46bb55c8145bb0ff406330818c9cf712fb2e9b3836
  languageName: node
  linkType: hard

"ms@npm:2.1.2":
  version: 2.1.2
  resolution: "ms@npm:2.1.2"
  checksum: 673cdb2c3133eb050c745908d8ce632ed2c02d85640e2edb3ace856a2266a813b30c613569bf3354fdf4ea7d1a1494add3bfa95e2713baa27d0c2c71fc44f58f
  languageName: node
  linkType: hard

"node-fetch@npm:^2.6.11":
  version: 2.6.12
  resolution: "node-fetch@npm:2.6.12"
  dependencies:
    whatwg-url: ^5.0.0
  peerDependencies:
    encoding: ^0.1.0
  peerDependenciesMeta:
    encoding:
      optional: true
  checksum: 3bc1655203d47ee8e313c0d96664b9673a3d4dd8002740318e9d27d14ef306693a4b2ef8d6525775056fd912a19e23f3ac0d7111ad8925877b7567b29a625592
  languageName: node
  linkType: hard

"path@npm:^0.12.7":
  version: 0.12.7
  resolution: "path@npm:0.12.7"
  dependencies:
    process: ^0.11.1
    util: ^0.10.3
  checksum: 5dedb71e78fc008fcba797defc0b4e1cf06c1f18e0a631e03ba5bb505136f587ff017afc14f9a3d481cbe77aeedff7dc0c1d2ce4d820c1ebf3c4281ca49423a1
  languageName: node
  linkType: hard

"process@npm:^0.11.1":
  version: 0.11.10
  resolution: "process@npm:0.11.10"
  checksum: bfcce49814f7d172a6e6a14d5fa3ac92cc3d0c3b9feb1279774708a719e19acd673995226351a082a9ae99978254e320ccda4240ddc474ba31a76c79491ca7c3
  languageName: node
  linkType: hard

"proxy-from-env@npm:^1.1.0":
  version: 1.1.0
  resolution: "proxy-from-env@npm:1.1.0"
  checksum: ed7fcc2ba0a33404958e34d95d18638249a68c430e30fcb6c478497d72739ba64ce9810a24f53a7d921d0c065e5b78e3822759800698167256b04659366ca4d4
  languageName: node
  linkType: hard

"telegram-javascript-bot@workspace:.":
  version: 0.0.0-use.local
  resolution: "telegram-javascript-bot@workspace:."
  dependencies:
    "@roziscoding/grammy-autoquote": ^1.1.2
    axios: ^1.4.0
    dotenv: ^16.3.1
    grammy: ^1.17.2
    path: ^0.12.7
  languageName: unknown
  linkType: soft

"tr46@npm:~0.0.3":
  version: 0.0.3
  resolution: "tr46@npm:0.0.3"
  checksum: 726321c5eaf41b5002e17ffbd1fb7245999a073e8979085dacd47c4b4e8068ff5777142fc6726d6ca1fd2ff16921b48788b87225cbc57c72636f6efa8efbffe3
  languageName: node
  linkType: hard

"util@npm:^0.10.3":
  version: 0.10.4
  resolution: "util@npm:0.10.4"
  dependencies:
    inherits: 2.0.3
  checksum: 913f9a90d05a60e91f91af01b8bd37e06bca4cc02d7b49e01089f9d5b78be2fffd61fb1a41b517de7238c5fc7337fa939c62d1fb4eb82e014894c7bee6637aaf
  languageName: node
  linkType: hard

"webidl-conversions@npm:^3.0.0":
  version: 3.0.1
  resolution: "webidl-conversions@npm:3.0.1"
  checksum: c92a0a6ab95314bde9c32e1d0a6dfac83b578f8fa5f21e675bc2706ed6981bc26b7eb7e6a1fab158e5ce4adf9caa4a0aee49a52505d4d13c7be545f15021b17c
  languageName: node
  linkType: hard

"whatwg-url@npm:^5.0.0":
  version: 5.0.0
  resolution: "whatwg-url@npm:5.0.0"
  dependencies:
    tr46: ~0.0.3
    webidl-conversions: ^3.0.0
  checksum: b8daed4ad3356cc4899048a15b2c143a9aed0dfae1f611ebd55073310c7b910f522ad75d727346ad64203d7e6c79ef25eafd465f4d12775ca44b90fa82ed9e2c
  languageName: node
  linkType: hard
